<?xml version="1.0" encoding="utf-8"?>
<Project ToolsVersion="4.0" xmlns="http://schemas.microsoft.com/developer/msbuild/2003">
  <ItemGroup>
    <Filter Include="Source Files">
      <UniqueIdentifier>{4FC737F1-C7A5-4376-A066-2A32D752A2FF}</UniqueIdentifier>
      <Extensions>cpp;c;cc;cxx;c++;cppm;ixx;def;odl;idl;hpj;bat;asm;asmx</Extensions>
    </Filter>
    <Filter Include="Header Files">
      <UniqueIdentifier>{93995380-89BD-4b04-88EB-625FBE52EBFB}</UniqueIdentifier>
      <Extensions>h;hh;hpp;hxx;h++;hm;inl;inc;ipp;xsd</Extensions>
    </Filter>
    <Filter Include="Resource Files">
      <UniqueIdentifier>{67DA6AB6-F800-4c08-8B7A-83BB121AAD01}</UniqueIdentifier>
      <Extensions>rc;ico;cur;bmp;dlg;rc2;rct;bin;rgs;gif;jpg;jpeg;jpe;resx;tiff;tif;png;wav;mfcribbon-ms</Extensions>
    </Filter>
    <Filter Include="Resource Files\Shaders">
      <UniqueIdentifier>{cabfbe0f-229d-408f-a246-c52e755871e9}</UniqueIdentifier>
    </Filter>
    <Filter Include="Resource Files\Textures">
      <UniqueIdentifier>{2862eeda-8c62-4cbd-815b-b5c39a679d2a}</UniqueIdentifier>
    </Filter>
    <Filter Include="Header Files\BSP">
      <UniqueIdentifier>{7a7b5447-9a5b-49b4-8b79-07513cf2fac1}</UniqueIdentifier>
    </Filter>
    <Filter Include="Header Files\Graphics">
      <UniqueIdentifier>{851eb128-9d45-4d5c-870e-c7f43f2aaef2}</UniqueIdentifier>
    </Filter>
    <Filter Include="Header Files\Control">
      <UniqueIdentifier>{07db8d2b-a092-4028-a765-05129480b6b0}</UniqueIdentifier>
    </Filter>
    <Filter Include="Source Files\BSP">
      <UniqueIdentifier>{96071ec1-ce62-4300-bdca-ef08ca6b7ddb}</UniqueIdentifier>
    </Filter>
    <Filter Include="Source Files\Graphics">
      <UniqueIdentifier>{ed4958c9-4840-495c-af60-90ca891cdffc}</UniqueIdentifier>
    </Filter>
    <Filter Include="Source Files\Control">
      <UniqueIdentifier>{88c97822-3da1-4a4d-ab17-06b0ceb42902}</UniqueIdentifier>
    </Filter>
    <Filter Include="Resource Files\UncompiledMaps">
      <UniqueIdentifier>{34d01bd4-40a2-443d-9114-b520ec26a424}</UniqueIdentifier>
    </Filter>
    <Filter Include="Header Files\Engine">
      <UniqueIdentifier>{af8f8c61-f832-4fb1-9d3f-0070d67338e6}</UniqueIdentifier>
    </Filter>
    <Filter Include="Source Files\Engine">
      <UniqueIdentifier>{2aa23ad3-5262-4eb7-a2ae-66cb94ffc117}</UniqueIdentifier>
    </Filter>
  </ItemGroup>
  <ItemGroup>
    <ClCompile Include="bsp\BSPTree.cpp">
      <Filter>Source Files\BSP</Filter>
    </ClCompile>
    <ClCompile Include="bsp\BSPVertex.cpp">
      <Filter>Source Files\BSP</Filter>
    </ClCompile>
    <ClCompile Include="bsp\Linedef.cpp">
      <Filter>Source Files\BSP</Filter>
    </ClCompile>
    <ClCompile Include="render\Camera.cpp">
      <Filter>Source Files\Graphics</Filter>
    </ClCompile>
    <ClCompile Include="render\EBO.cpp">
      <Filter>Source Files\Graphics</Filter>
    </ClCompile>
    <ClCompile Include="render\Mesh.cpp">
      <Filter>Source Files\Graphics</Filter>
    </ClCompile>
    <ClCompile Include="render\Model.cpp">
      <Filter>Source Files\Graphics</Filter>
    </ClCompile>
    <ClCompile Include="render\ShaderClass.cpp">
      <Filter>Source Files\Graphics</Filter>
    </ClCompile>
    <ClCompile Include="stb.cpp">
      <Filter>Source Files\Graphics</Filter>
    </ClCompile>
    <ClCompile Include="render\Texture.cpp">
      <Filter>Source Files\Graphics</Filter>
    </ClCompile>
    <ClCompile Include="render\VAO.cpp">
      <Filter>Source Files\Graphics</Filter>
    </ClCompile>
    <ClCompile Include="render\VBO.cpp">
      <Filter>Source Files\Graphics</Filter>
    </ClCompile>
    <ClCompile Include="main.cpp">
      <Filter>Source Files</Filter>
    </ClCompile>
    <ClCompile Include="input\InputHandler.cpp">
      <Filter>Source Files\Control</Filter>
    </ClCompile>
    <ClCompile Include="glad.c">
      <Filter>Source Files\Control</Filter>
    </ClCompile>
    <ClCompile Include="bsp\MapGeometry.cpp">
      <Filter>Source Files\BSP</Filter>
    </ClCompile>
    <ClCompile Include="bsp\Sector.cpp">
      <Filter>Source Files\BSP</Filter>
    </ClCompile>
    <ClCompile Include="engine\Debug.cpp">
      <Filter>Source Files\Engine</Filter>
    </ClCompile>
  </ItemGroup>
  <ItemGroup>
    <None Include="bsp\bsp_test.map" />
    <None Include="shaders\default.frag" />
    <None Include="shaders\default.vert" />
    <None Include="shaders\light.frag" />
    <None Include="shaders\light.vert" />
    <None Include="maps\decomp\bsp_test.zmap">
      <Filter>Resource Files\UncompiledMaps</Filter>
    </None>
  </ItemGroup>
  <ItemGroup>
    <ClInclude Include="bsp\BSPNode.h">
      <Filter>Header Files\BSP</Filter>
    </ClInclude>
    <ClInclude Include="bsp\BSPTree.h">
      <Filter>Header Files\BSP</Filter>
    </ClInclude>
    <ClInclude Include="bsp\BSPVertex.h">
      <Filter>Header Files\BSP</Filter>
    </ClInclude>
    <ClInclude Include="bsp\Linedef.h">
      <Filter>Header Files\BSP</Filter>
    </ClInclude>
    <ClInclude Include="render\Camera.h">
      <Filter>Header Files\Graphics</Filter>
    </ClInclude>
    <ClInclude Include="render\EBO.h">
      <Filter>Header Files\Graphics</Filter>
    </ClInclude>
    <ClInclude Include="render\LightSource.h">
      <Filter>Header Files\Graphics</Filter>
    </ClInclude>
    <ClInclude Include="render\Mesh.h">
      <Filter>Header Files\Graphics</Filter>
    </ClInclude>
    <ClInclude Include="render\Model.h">
      <Filter>Header Files\Graphics</Filter>
    </ClInclude>
    <ClInclude Include="render\ShaderClass.h">
      <Filter>Header Files\Graphics</Filter>
    </ClInclude>
    <ClInclude Include="render\Texture.h">
      <Filter>Header Files\Graphics</Filter>
    </ClInclude>
    <ClInclude Include="render\VAO.h">
      <Filter>Header Files\Graphics</Filter>
    </ClInclude>
    <ClInclude Include="render\VBO.h">
      <Filter>Header Files\Graphics</Filter>
    </ClInclude>
    <ClInclude Include="input\InputHandler.h">
      <Filter>Header Files\Control</Filter>
    </ClInclude>
    <ClInclude Include="bsp\BSPNode.cpp">
      <Filter>Source Files\BSP</Filter>
    </ClInclude>
    <ClInclude Include="bsp\Sector.h">
      <Filter>Header Files\BSP</Filter>
    </ClInclude>
    <ClInclude Include="bsp\MapGeometry.h">
      <Filter>Header Files\BSP</Filter>
    </ClInclude>
    <ClInclude Include="engine\Debug.h">
      <Filter>Header Files\Engine</Filter>
    </ClInclude>
  </ItemGroup>
  <ItemGroup>
    <Image Include="lyonel.png">
      <Filter>Resource Files\Textures</Filter>
    </Image>
    <Image Include="resources\textures\planksSpec.png">
      <Filter>Resource Files\Textures</Filter>
    </Image>
    <Image Include="resources\textures\planks.png">
      <Filter>Resource Files\Textures</Filter>
    </Image>
  </ItemGroup>
</Project>